
Microsoft Visual Studio Solution File, Format Version 12.00
# Visual Studio 15
VisualStudioVersion = 15.0.28307.1022
MinimumVisualStudioVersion = 10.0.40219.1
Project("{9A19103F-16F7-4668-BE54-9A1E7A4F7556}") = "Scheduling.Infrastructure", "Scheduling.Infrastructure\Scheduling.Infrastructure.csproj", "{988A0670-69C3-4B33-8AEC-738CEFAA4646}"
EndProject
Project("{9A19103F-16F7-4668-BE54-9A1E7A4F7556}") = "Scheduling.LocalTester", "Scheduling.LocalTester\Scheduling.LocalTester.csproj", "{E80DDC11-4F9D-40B8-B216-1395599FC43C}"
EndProject
Project("{9A19103F-16F7-4668-BE54-9A1E7A4F7556}") = "Scheduling.Application", "Scheduling.Application\Scheduling.Application.csproj", "{5BD05060-CA39-41A8-9959-9D1039C5C99D}"
EndProject
Project("{9A19103F-16F7-4668-BE54-9A1E7A4F7556}") = "Scheduling.UnitTests", "Scheduling.UnitTests\Scheduling.UnitTests.csproj", "{53E4F4BC-8096-42E6-9973-00CC88F1ED16}"
EndProject
Project("{9A19103F-16F7-4668-BE54-9A1E7A4F7556}") = "Scheduling.SharedPackage", "Scheduling.SharedPackage\Scheduling.SharedPackage.csproj", "{1C52BBC8-602D-4C16-942C-CFE075AF6AAA}"
EndProject
Global
	GlobalSection(SolutionConfigurationPlatforms) = preSolution
		Debug|Any CPU = Debug|Any CPU
		Release|Any CPU = Release|Any CPU
	EndGlobalSection
	GlobalSection(ProjectConfigurationPlatforms) = postSolution
		{988A0670-69C3-4B33-8AEC-738CEFAA4646}.Debug|Any CPU.ActiveCfg = Debug|Any CPU
		{988A0670-69C3-4B33-8AEC-738CEFAA4646}.Debug|Any CPU.Build.0 = Debug|Any CPU
		{988A0670-69C3-4B33-8AEC-738CEFAA4646}.Release|Any CPU.ActiveCfg = Release|Any CPU
		{988A0670-69C3-4B33-8AEC-738CEFAA4646}.Release|Any CPU.Build.0 = Release|Any CPU
		{E80DDC11-4F9D-40B8-B216-1395599FC43C}.Debug|Any CPU.ActiveCfg = Debug|Any CPU
		{E80DDC11-4F9D-40B8-B216-1395599FC43C}.Debug|Any CPU.Build.0 = Debug|Any CPU
		{E80DDC11-4F9D-40B8-B216-1395599FC43C}.Release|Any CPU.ActiveCfg = Release|Any CPU
		{E80DDC11-4F9D-40B8-B216-1395599FC43C}.Release|Any CPU.Build.0 = Release|Any CPU
		{5BD05060-CA39-41A8-9959-9D1039C5C99D}.Debug|Any CPU.ActiveCfg = Debug|Any CPU
		{5BD05060-CA39-41A8-9959-9D1039C5C99D}.Debug|Any CPU.Build.0 = Debug|Any CPU
		{5BD05060-CA39-41A8-9959-9D1039C5C99D}.Release|Any CPU.ActiveCfg = Release|Any CPU
		{5BD05060-CA39-41A8-9959-9D1039C5C99D}.Release|Any CPU.Build.0 = Release|Any CPU
		{53E4F4BC-8096-42E6-9973-00CC88F1ED16}.Debug|Any CPU.ActiveCfg = Debug|Any CPU
		{53E4F4BC-8096-42E6-9973-00CC88F1ED16}.Debug|Any CPU.Build.0 = Debug|Any CPU
		{53E4F4BC-8096-42E6-9973-00CC88F1ED16}.Release|Any CPU.ActiveCfg = Release|Any CPU
		{53E4F4BC-8096-42E6-9973-00CC88F1ED16}.Release|Any CPU.Build.0 = Release|Any CPU
		{1C52BBC8-602D-4C16-942C-CFE075AF6AAA}.Debug|Any CPU.ActiveCfg = Debug|Any CPU
		{1C52BBC8-602D-4C16-942C-CFE075AF6AAA}.Debug|Any CPU.Build.0 = Debug|Any CPU
		{1C52BBC8-602D-4C16-942C-CFE075AF6AAA}.Release|Any CPU.ActiveCfg = Release|Any CPU
		{1C52BBC8-602D-4C16-942C-CFE075AF6AAA}.Release|Any CPU.Build.0 = Release|Any CPU
	EndGlobalSection
	GlobalSection(SolutionProperties) = preSolution
		HideSolutionNode = FALSE
	EndGlobalSection
	GlobalSection(ExtensibilityGlobals) = postSolution
		SolutionGuid = {AED54916-5674-45B4-A173-2913C017DD7F}
	EndGlobalSection
EndGlobal
